lockfileVersion: 5.4

specifiers:
  '@evervault/sdk': ^3.10.1

devDependencies:
  '@evervault/sdk': 3.10.1

packages:

  /@babel/code-frame/7.18.6:
    resolution: {integrity: sha512-TDCmlK5eOvH+eH7cdAFlNXeVJqWIQ7gW9tY1GJIpUtFb6CmjVyq2VM3u71bOyR8CRihcCgMUYoDNyLXao3+70Q==}
    engines: {node: '>=6.9.0'}
    dependencies:
      '@babel/highlight': 7.18.6
    dev: true

  /@babel/generator/7.21.3:
    resolution: {integrity: sha512-QS3iR1GYC/YGUnW7IdggFeN5c1poPUurnGttOV/bZgPGV+izC/D8HnD6DLwod0fsatNyVn1G3EVWMYIF0nHbeA==}
    engines: {node: '>=6.9.0'}
    dependencies:
      '@babel/types': 7.21.3
      '@jridgewell/gen-mapping': 0.3.2
      '@jridgewell/trace-mapping': 0.3.17
      jsesc: 2.5.2
    dev: true

  /@babel/helper-environment-visitor/7.18.9:
    resolution: {integrity: sha512-3r/aACDJ3fhQ/EVgFy0hpj8oHyHpQc+LPtJoY9SzTThAsStm4Ptegq92vqKoE3vD706ZVFWITnMnxucw+S9Ipg==}
    engines: {node: '>=6.9.0'}
    dev: true

  /@babel/helper-function-name/7.21.0:
    resolution: {integrity: sha512-HfK1aMRanKHpxemaY2gqBmL04iAPOPRj7DxtNbiDOrJK+gdwkiNRVpCpUJYbUT+aZyemKN8brqTOxzCaG6ExRg==}
    engines: {node: '>=6.9.0'}
    dependencies:
      '@babel/template': 7.20.7
      '@babel/types': 7.21.3
    dev: true

  /@babel/helper-hoist-variables/7.18.6:
    resolution: {integrity: sha512-UlJQPkFqFULIcyW5sbzgbkxn2FKRgwWiRexcuaR8RNJRy8+LLveqPjwZV/bwrLZCN0eUHD/x8D0heK1ozuoo6Q==}
    engines: {node: '>=6.9.0'}
    dependencies:
      '@babel/types': 7.21.3
    dev: true

  /@babel/helper-split-export-declaration/7.18.6:
    resolution: {integrity: sha512-bde1etTx6ZyTmobl9LLMMQsaizFVZrquTEHOqKeQESMKo4PlObf+8+JA25ZsIpZhT/WEd39+vOdLXAFG/nELpA==}
    engines: {node: '>=6.9.0'}
    dependencies:
      '@babel/types': 7.21.3
    dev: true

  /@babel/helper-string-parser/7.19.4:
    resolution: {integrity: sha512-nHtDoQcuqFmwYNYPz3Rah5ph2p8PFeFCsZk9A/48dPc/rGocJ5J3hAAZ7pb76VWX3fZKu+uEr/FhH5jLx7umrw==}
    engines: {node: '>=6.9.0'}
    dev: true

  /@babel/helper-validator-identifier/7.19.1:
    resolution: {integrity: sha512-awrNfaMtnHUr653GgGEs++LlAvW6w+DcPrOliSMXWCKo597CwL5Acf/wWdNkf/tfEQE3mjkeD1YOVZOUV/od1w==}
    engines: {node: '>=6.9.0'}
    dev: true

  /@babel/highlight/7.18.6:
    resolution: {integrity: sha512-u7stbOuYjaPezCuLj29hNW1v64M2Md2qupEKP1fHc7WdOA3DgLh37suiSrZYY7haUB7iBeQZ9P1uiRF359do3g==}
    engines: {node: '>=6.9.0'}
    dependencies:
      '@babel/helper-validator-identifier': 7.19.1
      chalk: 2.4.2
      js-tokens: 4.0.0
    dev: true

  /@babel/parser/7.21.3:
    resolution: {integrity: sha512-lobG0d7aOfQRXh8AyklEAgZGvA4FShxo6xQbUrrT/cNBPUdIDojlokwJsQyCC/eKia7ifqM0yP+2DRZ4WKw2RQ==}
    engines: {node: '>=6.0.0'}
    hasBin: true
    dependencies:
      '@babel/types': 7.21.3
    dev: true

  /@babel/template/7.20.7:
    resolution: {integrity: sha512-8SegXApWe6VoNw0r9JHpSteLKTpTiLZ4rMlGIm9JQ18KiCtyQiAMEazujAHrUS5flrcqYZa75ukev3P6QmUwUw==}
    engines: {node: '>=6.9.0'}
    dependencies:
      '@babel/code-frame': 7.18.6
      '@babel/parser': 7.21.3
      '@babel/types': 7.21.3
    dev: true

  /@babel/traverse/7.21.3:
    resolution: {integrity: sha512-XLyopNeaTancVitYZe2MlUEvgKb6YVVPXzofHgqHijCImG33b/uTurMS488ht/Hbsb2XK3U2BnSTxKVNGV3nGQ==}
    engines: {node: '>=6.9.0'}
    dependencies:
      '@babel/code-frame': 7.18.6
      '@babel/generator': 7.21.3
      '@babel/helper-environment-visitor': 7.18.9
      '@babel/helper-function-name': 7.21.0
      '@babel/helper-hoist-variables': 7.18.6
      '@babel/helper-split-export-declaration': 7.18.6
      '@babel/parser': 7.21.3
      '@babel/types': 7.21.3
      debug: 4.3.4
      globals: 11.12.0
    transitivePeerDependencies:
      - supports-color
    dev: true

  /@babel/types/7.21.3:
    resolution: {integrity: sha512-sBGdETxC+/M4o/zKC0sl6sjWv62WFR/uzxrJ6uYyMLZOUlPnwzw0tKgVHOXxaAd5l2g8pEDM5RZ495GPQI77kg==}
    engines: {node: '>=6.9.0'}
    dependencies:
      '@babel/helper-string-parser': 7.19.4
      '@babel/helper-validator-identifier': 7.19.1
      to-fast-properties: 2.0.0
    dev: true

  /@evervault/sdk/3.10.1:
    resolution: {integrity: sha512-DuyKcr9kMmtTmmnZkpdjkO0AI7ZIr6Mk84LAyFKNnA00fm16Cb8bXXjbnvJk+mZhDgHGseS09NauWjojjJRhJg==}
    dependencies:
      agent-base: 6.0.2
      async-retry: 1.3.3
      escodegen: 1.14.3
      esprima: 4.0.1
      haikunator: 2.1.2
      konan: 2.1.1
      lodash: 4.17.21
      phin: 3.7.0
      uasn1: 0.7.1
      uuid: 8.3.2
    optionalDependencies:
      evervault-attestation-bindings: 0.1.0-alpha.3
    transitivePeerDependencies:
      - supports-color
    dev: true

  /@jridgewell/gen-mapping/0.3.2:
    resolution: {integrity: sha512-mh65xKQAzI6iBcFzwv28KVWSmCkdRBWoOh+bYQGW3+6OZvbbN3TqMGo5hqYxQniRcH9F2VZIoJCm4pa3BPDK/A==}
    engines: {node: '>=6.0.0'}
    dependencies:
      '@jridgewell/set-array': 1.1.2
      '@jridgewell/sourcemap-codec': 1.4.14
      '@jridgewell/trace-mapping': 0.3.17
    dev: true

  /@jridgewell/resolve-uri/3.1.0:
    resolution: {integrity: sha512-F2msla3tad+Mfht5cJq7LSXcdudKTWCVYUgw6pLFOOHSTtZlj6SWNYAp+AhuqLmWdBO2X5hPrLcu8cVP8fy28w==}
    engines: {node: '>=6.0.0'}
    dev: true

  /@jridgewell/set-array/1.1.2:
    resolution: {integrity: sha512-xnkseuNADM0gt2bs+BvhO0p78Mk762YnZdsuzFV018NoG1Sj1SCQvpSqa7XUaTam5vAGasABV9qXASMKnFMwMw==}
    engines: {node: '>=6.0.0'}
    dev: true

  /@jridgewell/sourcemap-codec/1.4.14:
    resolution: {integrity: sha512-XPSJHWmi394fuUuzDnGz1wiKqWfo1yXecHQMRf2l6hztTO+nPru658AyDngaBe7isIxEkRsPR3FZh+s7iVa4Uw==}
    dev: true

  /@jridgewell/trace-mapping/0.3.17:
    resolution: {integrity: sha512-MCNzAp77qzKca9+W/+I0+sEpaUnZoeasnghNeVc41VZCEKaCH73Vq3BZZ/SzWIgrqE4H4ceI+p+b6C0mHf9T4g==}
    dependencies:
      '@jridgewell/resolve-uri': 3.1.0
      '@jridgewell/sourcemap-codec': 1.4.14
    dev: true

  /@types/random-seed/0.3.3:
    resolution: {integrity: sha512-kHsCbIRHNXJo6EN5W8EA5b4i1hdT6jaZke5crBPLUcLqaLdZ0QBq8QVMbafHzhjFF83Cl9qlee2dChD18d/kPg==}
    dev: true

  /agent-base/6.0.2:
    resolution: {integrity: sha512-RZNwNclF7+MS/8bDg70amg32dyeZGZxiDuQmZxKLAlQjr3jGyLx+4Kkk58UO7D2QdgFIQCovuSuZESne6RG6XQ==}
    engines: {node: '>= 6.0.0'}
    dependencies:
      debug: 4.3.4
    transitivePeerDependencies:
      - supports-color
    dev: true

  /ansi-styles/3.2.1:
    resolution: {integrity: sha512-VT0ZI6kZRdTh8YyJw3SMbYm/u+NqfsAxEpWO0Pf9sq8/e94WxxOpPKx9FR1FlyCtOVDNOQ+8ntlqFxiRc+r5qA==}
    engines: {node: '>=4'}
    dependencies:
      color-convert: 1.9.3
    dev: true

  /async-retry/1.3.3:
    resolution: {integrity: sha512-wfr/jstw9xNi/0teMHrRW7dsz3Lt5ARhYNZ2ewpadnhaIp5mbALhOAP+EAdsC7t4Z6wqsDVv9+W6gm1Dk9mEyw==}
    dependencies:
      retry: 0.13.1
    dev: true

  /centra/2.6.0:
    resolution: {integrity: sha512-dgh+YleemrT8u85QL11Z6tYhegAs3MMxsaWAq/oXeAmYJ7VxL3SI9TZtnfaEvNDMAPolj25FXIb3S+HCI4wQaQ==}
    dev: true

  /chalk/2.4.2:
    resolution: {integrity: sha512-Mti+f9lpJNcwF4tWV8/OrTTtF1gZi+f8FqlyAdouralcFWFQWF2+NgCHShjkCb+IFBLq9buZwE1xckQU4peSuQ==}
    engines: {node: '>=4'}
    dependencies:
      ansi-styles: 3.2.1
      escape-string-regexp: 1.0.5
      supports-color: 5.5.0
    dev: true

  /color-convert/1.9.3:
    resolution: {integrity: sha512-QfAUtd+vFdAtFQcC8CCyYt1fYWxSqAiK2cSD6zDB8N3cpsEBAvRxp9zOGg6G/SHHJYAT88/az/IuDGALsNVbGg==}
    dependencies:
      color-name: 1.1.3
    dev: true

  /color-name/1.1.3:
    resolution: {integrity: sha512-72fSenhMw2HZMTVHeCA9KCmpEIbzWiQsjN+BHcBbS9vr1mtt+vJjPdksIBNUmKAW8TFUDPJK5SUU3QhE9NEXDw==}
    dev: true

  /debug/4.3.4:
    resolution: {integrity: sha512-PRWFHuSU3eDtQJPvnNY7Jcket1j0t5OuOsFzPPzsekD52Zl8qUfFIPEiswXqIvHWGVHOgX+7G/vCNNhehwxfkQ==}
    engines: {node: '>=6.0'}
    peerDependencies:
      supports-color: '*'
    peerDependenciesMeta:
      supports-color:
        optional: true
    dependencies:
      ms: 2.1.2
    dev: true

  /deep-is/0.1.4:
    resolution: {integrity: sha512-oIPzksmTg4/MriiaYGO+okXDT7ztn/w3Eptv/+gSIdMdKsJo0u4CfYNFJPy+4SKMuCqGw2wxnA+URMg3t8a/bQ==}
    dev: true

  /escape-string-regexp/1.0.5:
    resolution: {integrity: sha512-vbRorB5FUQWvla16U8R/qgaFIya2qGzwDrNmCZuYKrbdSUMG6I1ZCGQRefkRVhuOkIGVne7BQ35DSfo1qvJqFg==}
    engines: {node: '>=0.8.0'}
    dev: true

  /escodegen/1.14.3:
    resolution: {integrity: sha512-qFcX0XJkdg+PB3xjZZG/wKSuT1PnQWx57+TVSjIMmILd2yC/6ByYElPwJnslDsuWuSAp4AwJGumarAAmJch5Kw==}
    engines: {node: '>=4.0'}
    hasBin: true
    dependencies:
      esprima: 4.0.1
      estraverse: 4.3.0
      esutils: 2.0.3
      optionator: 0.8.3
    optionalDependencies:
      source-map: 0.6.1
    dev: true

  /esprima/4.0.1:
    resolution: {integrity: sha512-eGuFFw7Upda+g4p+QHvnW0RyTX/SVeJBDM/gCtMARO0cLuT2HcEKnTPvhjV6aGeqrCB/sbNop0Kszm0jsaWU4A==}
    engines: {node: '>=4'}
    hasBin: true
    dev: true

  /estraverse/4.3.0:
    resolution: {integrity: sha512-39nnKffWz8xN1BU/2c79n9nB9HDzo0niYUqx6xyqUnyoAnQyyWpOTdZEeiCch8BBu515t4wp9ZmgVfVhn9EBpw==}
    engines: {node: '>=4.0'}
    dev: true

  /esutils/2.0.3:
    resolution: {integrity: sha512-kVscqXk4OCp68SZ0dkgEKVi6/8ij300KBWTJq32P/dYeWTSwK41WyTxalN1eRmA5Z9UU/LX9D7FWSmV9SAYx6g==}
    engines: {node: '>=0.10.0'}
    dev: true

  /evervault-attestation-bindings-android-arm-eabi/0.1.0-alpha.3:
    resolution: {integrity: sha512-OCAyKcXNiwl2glBFudxMhTCLPa52cL7PH9BsfR5NcyF1PjiiWqSLACDqBiRcihrCkbnOm4FD74q+8Vt8jILD5Q==}
    engines: {node: '>= 10'}
    cpu: [arm]
    os: [android]
    requiresBuild: true
    dev: true
    optional: true

  /evervault-attestation-bindings-android-arm64/0.1.0-alpha.3:
    resolution: {integrity: sha512-C6scS1nyekml+7PVkhCeFcYVdi6TPgeOmrzXKpuo26puk9YFHUE6nbvWRwJSkTNLvdSWEcNkr4rU3IDspZ8mWQ==}
    engines: {node: '>= 10'}
    cpu: [arm64]
    os: [android]
    requiresBuild: true
    dev: true
    optional: true

  /evervault-attestation-bindings-darwin-arm64/0.1.0-alpha.3:
    resolution: {integrity: sha512-LmDX/RDP3OiWOd87YzGWwJxSc+g0g+ecqIk7XBUIfk8VCt15GiGmDhoieG7inCuDZDAMlo5G+kK3uR+pzajbYw==}
    engines: {node: '>= 10'}
    cpu: [arm64]
    os: [darwin]
    requiresBuild: true
    dev: true
    optional: true

  /evervault-attestation-bindings-darwin-universal/0.1.0-alpha.3:
    resolution: {integrity: sha512-74fDH5CZsxOr4OAUHmjRDUstkzuool19IsAW7jeYg9OcQVpaSZOylNoiciwzQM0SA0QezSDtEtj+Fr0BxMDm9A==}
    engines: {node: '>= 10'}
    os: [darwin]
    requiresBuild: true
    dev: true
    optional: true

  /evervault-attestation-bindings-darwin-x64/0.1.0-alpha.3:
    resolution: {integrity: sha512-VK4Zmh+TteoAwHjNSahCzpzsUjzECZLNp/gg99guMbwowScTqxApD1T8uaOyiVT1NT+tP8vSiAfKCVAt7EekUQ==}
    engines: {node: '>= 10'}
    cpu: [x64]
    os: [darwin]
    requiresBuild: true
    dev: true
    optional: true

  /evervault-attestation-bindings-linux-arm-gnueabihf/0.1.0-alpha.3:
    resolution: {integrity: sha512-DPJmR/bX8o5Sfr63cUR+4seV0yDT5iA8djlL2Jnn2RFucqWZQeLuXmLdVJZAFAdvdRUB1/JVp3LYi0Pvq0jpLg==}
    engines: {node: '>= 10'}
    cpu: [arm]
    os: [linux]
    requiresBuild: true
    dev: true
    optional: true

  /evervault-attestation-bindings-linux-arm64-gnu/0.1.0-alpha.3:
    resolution: {integrity: sha512-zLts95/tYFWa+ttdPxY+8ZKhknSM7uTKZ11bmLjqxv+3yPnw11H/YbPMJ6cf/OhHEBNTPINK0gJwx9gUPnP1fg==}
    engines: {node: '>= 10'}
    cpu: [arm64]
    os: [linux]
    requiresBuild: true
    dev: true
    optional: true

  /evervault-attestation-bindings-linux-arm64-musl/0.1.0-alpha.3:
    resolution: {integrity: sha512-zv+70+YD5r4KPqVTxbjoDJcz2wPedtjVYSZLwm0rKotT6opxTWpxv17y35Jy6Q/nNcZuboMh2W8tkPsxehrvIQ==}
    engines: {node: '>= 10'}
    cpu: [arm64]
    os: [linux]
    requiresBuild: true
    dev: true
    optional: true

  /evervault-attestation-bindings-linux-x64-gnu/0.1.0-alpha.3:
    resolution: {integrity: sha512-w3VPXTgFpSI14vfRzXXIl2JV0iZGcKoM9dI5AVM5fRwR+9RLjoBL0eur8U3Of0EMxT6dHNT4E+qQhVUiZAgYuA==}
    engines: {node: '>= 10'}
    cpu: [x64]
    os: [linux]
    requiresBuild: true
    dev: true
    optional: true

  /evervault-attestation-bindings-linux-x64-musl/0.1.0-alpha.3:
    resolution: {integrity: sha512-Z6K66TLN9BVYY6sTVmEWaRKKEAOTVdl0AxWh7MdpkGrNdD2Y4awLiaJiYX0nwkxllUhkkEGKlAQGq2zvrNJwtw==}
    engines: {node: '>= 10'}
    cpu: [x64]
    os: [linux]
    requiresBuild: true
    dev: true
    optional: true

  /evervault-attestation-bindings-win32-ia32-msvc/0.1.0-alpha.3:
    resolution: {integrity: sha512-bbTE4DY+iyoO5rZ+3/L6+MrOjDJD7hnzP4ozlw8tRMobQKDpBNUWP4q97PjM8Pu6pJIqmRg9Emn2cyir+9l0sw==}
    engines: {node: '>= 10'}
    cpu: [ia32]
    os: [win32]
    requiresBuild: true
    dev: true
    optional: true

  /evervault-attestation-bindings-win32-x64-msvc/0.1.0-alpha.3:
    resolution: {integrity: sha512-vAkh1zy4tgMbxaQJjHEAS0Phl4VY+Bcrl8h61sOnMBh5rZ1mpWNxG1Va2WYlXptN2HnB3KdtzZLOEInfOJ8seA==}
    engines: {node: '>= 10'}
    cpu: [x64]
    os: [win32]
    requiresBuild: true
    dev: true
    optional: true

  /evervault-attestation-bindings/0.1.0-alpha.3:
    resolution: {integrity: sha512-/H9yyW7WY2XXIdIUGAAu6GIFuhmM+q/m+RcPO2j13KwaqmiDT3hzMiY3C8SP1refEr1oANy+l1wsEgSo+VbUpg==}
    engines: {node: '>= 10'}
    requiresBuild: true
    optionalDependencies:
      evervault-attestation-bindings-android-arm-eabi: 0.1.0-alpha.3
      evervault-attestation-bindings-android-arm64: 0.1.0-alpha.3
      evervault-attestation-bindings-darwin-arm64: 0.1.0-alpha.3
      evervault-attestation-bindings-darwin-universal: 0.1.0-alpha.3
      evervault-attestation-bindings-darwin-x64: 0.1.0-alpha.3
      evervault-attestation-bindings-linux-arm-gnueabihf: 0.1.0-alpha.3
      evervault-attestation-bindings-linux-arm64-gnu: 0.1.0-alpha.3
      evervault-attestation-bindings-linux-arm64-musl: 0.1.0-alpha.3
      evervault-attestation-bindings-linux-x64-gnu: 0.1.0-alpha.3
      evervault-attestation-bindings-linux-x64-musl: 0.1.0-alpha.3
      evervault-attestation-bindings-win32-ia32-msvc: 0.1.0-alpha.3
      evervault-attestation-bindings-win32-x64-msvc: 0.1.0-alpha.3
    dev: true
    optional: true

  /fast-levenshtein/2.0.6:
    resolution: {integrity: sha512-DCXu6Ifhqcks7TZKY3Hxp3y6qphY5SJZmrWMDrKcERSOXWQdMhU9Ig/PYrzyw/ul9jOIyh0N4M0tbC5hodg8dw==}
    dev: true

  /globals/11.12.0:
    resolution: {integrity: sha512-WOBp/EEGUiIsJSp7wcv/y6MO+lV9UoncWqxuFfm8eBwzWNgyfBd6Gz+IeKQ9jCmyhoH99g15M3T+QaVHFjizVA==}
    engines: {node: '>=4'}
    dev: true

  /haikunator/2.1.2:
    resolution: {integrity: sha512-8xTQw2yomVQWG1mLJKD7RrwXN8PkgRYKDShOBhtlu2MqOTboc4O5dVYhPgLigcKMAtwJ0GZty5N44EbLGZN3FA==}
    dependencies:
      '@types/random-seed': 0.3.3
      lodash.defaults: 4.2.0
      random-seed: 0.3.0
    dev: true

  /has-flag/3.0.0:
    resolution: {integrity: sha512-sKJf1+ceQBr4SMkvQnBDNDtf4TXpVhVGateu0t918bl30FnbE2m4vNLX+VWe/dpjlb+HugGYzW7uQXH98HPEYw==}
    engines: {node: '>=4'}
    dev: true

  /js-tokens/4.0.0:
    resolution: {integrity: sha512-RdJUflcE3cUzKiMqQgsCu06FPu9UdIJO0beYbPhHN4k6apgJtifcoCtT9bcxOpYBtpD2kCM6Sbzg4CausW/PKQ==}
    dev: true

  /jsesc/2.5.2:
    resolution: {integrity: sha512-OYu7XEzjkCQ3C5Ps3QIZsQfNpqoJyZZA99wd9aWd05NCtC5pWOkShK2mkL6HXQR6/Cy2lbNdPlZBpuQHXE63gA==}
    engines: {node: '>=4'}
    hasBin: true
    dev: true

  /json-stringify-safe/5.0.1:
    resolution: {integrity: sha512-ZClg6AaYvamvYEE82d3Iyd3vSSIjQ+odgjaTzRuO3s7toCdFKczob2i0zCh7JE8kWn17yvAWhUVxvqGwUalsRA==}
    dev: true

  /konan/2.1.1:
    resolution: {integrity: sha512-7ZhYV84UzJ0PR/RJnnsMZcAbn+kLasJhVNWsu8ZyVEJYRpGA5XESQ9d/7zOa08U0Ou4cmB++hMNY/3OSV9KIbg==}
    dependencies:
      '@babel/parser': 7.21.3
      '@babel/traverse': 7.21.3
    transitivePeerDependencies:
      - supports-color
    dev: true

  /levn/0.3.0:
    resolution: {integrity: sha512-0OO4y2iOHix2W6ujICbKIaEQXvFQHue65vUG3pb5EUomzPI90z9hsA1VsO/dbIIpC53J8gxM9Q4Oho0jrCM/yA==}
    engines: {node: '>= 0.8.0'}
    dependencies:
      prelude-ls: 1.1.2
      type-check: 0.3.2
    dev: true

  /lodash.defaults/4.2.0:
    resolution: {integrity: sha512-qjxPLHd3r5DnsdGacqOMU6pb/avJzdh9tFX2ymgoZE27BmjXrNy/y4LoaiTeAb+O3gL8AfpJGtqfX/ae2leYYQ==}
    dev: true

  /lodash/4.17.21:
    resolution: {integrity: sha512-v2kDEe57lecTulaDIuNTPy3Ry4gLGJ6Z1O3vE1krgXZNrsQ+LFTGHVxVjcXPs17LhbZVGedAJv8XZ1tvj5FvSg==}
    dev: true

  /ms/2.1.2:
    resolution: {integrity: sha512-sGkPx+VjMtmA6MX27oA4FBFELFCZZ4S4XqeGOXCv68tT+jb3vk/RyaKWP0PTKyWtmLSM0b+adUTEvbs1PEaH2w==}
    dev: true

  /optionator/0.8.3:
    resolution: {integrity: sha512-+IW9pACdk3XWmmTXG8m3upGUJst5XRGzxMRjXzAuJ1XnIFNvfhjjIuYkDvysnPQ7qzqVzLt78BCruntqRhWQbA==}
    engines: {node: '>= 0.8.0'}
    dependencies:
      deep-is: 0.1.4
      fast-levenshtein: 2.0.6
      levn: 0.3.0
      prelude-ls: 1.1.2
      type-check: 0.3.2
      word-wrap: 1.2.3
    dev: true

  /phin/3.7.0:
    resolution: {integrity: sha512-DqnVNrpYhKGBZppNKprD+UJylMeEKOZxHgPB+ZP6mGzf3uA2uox4Ep9tUm+rUc8WLIdHT3HcAE4X8fhwQA9JKg==}
    engines: {node: '>= 8'}
    dependencies:
      centra: 2.6.0
    dev: true

  /prelude-ls/1.1.2:
    resolution: {integrity: sha512-ESF23V4SKG6lVSGZgYNpbsiaAkdab6ZgOxe52p7+Kid3W3u3bxR4Vfd/o21dmN7jSt0IwgZ4v5MUd26FEtXE9w==}
    engines: {node: '>= 0.8.0'}
    dev: true

  /random-seed/0.3.0:
    resolution: {integrity: sha512-y13xtn3kcTlLub3HKWXxJNeC2qK4mB59evwZ5EkeRlolx+Bp2ztF7LbcZmyCnOqlHQrLnfuNbi1sVmm9lPDlDA==}
    engines: {node: '>= 0.6.0'}
    dependencies:
      json-stringify-safe: 5.0.1
    dev: true

  /retry/0.13.1:
    resolution: {integrity: sha512-XQBQ3I8W1Cge0Seh+6gjj03LbmRFWuoszgK9ooCpwYIrhhoO80pfq4cUkU5DkknwfOfFteRwlZ56PYOGYyFWdg==}
    engines: {node: '>= 4'}
    dev: true

  /source-map/0.6.1:
    resolution: {integrity: sha512-UjgapumWlbMhkBgzT7Ykc5YXUT46F0iKu8SGXq0bcwP5dz/h0Plj6enJqjz1Zbq2l5WaqYnrVbwWOWMyF3F47g==}
    engines: {node: '>=0.10.0'}
    requiresBuild: true
    dev: true
    optional: true

  /supports-color/5.5.0:
    resolution: {integrity: sha512-QjVjwdXIt408MIiAqCX4oUKsgU2EqAGzs2Ppkm4aQYbjm+ZEWEcW4SfFNTr4uMNZma0ey4f5lgLrkB0aX0QMow==}
    engines: {node: '>=4'}
    dependencies:
      has-flag: 3.0.0
    dev: true

  /to-fast-properties/2.0.0:
    resolution: {integrity: sha512-/OaKK0xYrs3DmxRYqL/yDc+FxFUVYhDlXMhRmv3z915w2HF1tnN1omB354j8VUGO/hbRzyD6Y3sA7v7GS/ceog==}
    engines: {node: '>=4'}
    dev: true

  /type-check/0.3.2:
    resolution: {integrity: sha512-ZCmOJdvOWDBYJlzAoFkC+Q0+bUyEOS1ltgp1MGU03fqHG+dbi9tBFU2Rd9QKiDZFAYrhPh2JUf7rZRIuHRKtOg==}
    engines: {node: '>= 0.8.0'}
    dependencies:
      prelude-ls: 1.1.2
    dev: true

  /uasn1/0.7.1:
    resolution: {integrity: sha512-uJPkW8n+J9MjSBAyYHf9WatDqVWoAmLBM/bjY+PIHISHKCFoMAnS245KCS6RF92JoamkxQx1GQyK/jtrDWrrYw==}
    requiresBuild: true
    dev: true

  /uuid/8.3.2:
    resolution: {integrity: sha512-+NYs2QeMWy+GWFOEm9xnn6HCDp0l7QBD7ml8zLUmJ+93Q5NF0NocErnwkTkXVFNiX3/fpC6afS8Dhb/gz7R7eg==}
    hasBin: true
    dev: true

  /word-wrap/1.2.3:
    resolution: {integrity: sha512-Hz/mrNwitNRh/HUAtM/VT/5VH+ygD6DV7mYKZAtHOrbs8U7lvPS6xf7EJKMF0uW1KJCl0H701g3ZGus+muE5vQ==}
    engines: {node: '>=0.10.0'}
    dev: true
